// !$*UTF8*$!
{
	archiveVersion = 1;
	classes = {
	};
	objectVersion = 56;
	objects = {

/* Begin PBXBuildFile section */
		F1293BE92C6A061B00B2FD68 /* AppDelegate.swift in Sources */ = {isa = PBXBuildFile; fileRef = F1293BE82C6A061B00B2FD68 /* AppDelegate.swift */; };
		F1293BEB2C6A061B00B2FD68 /* SceneDelegate.swift in Sources */ = {isa = PBXBuildFile; fileRef = F1293BEA2C6A061B00B2FD68 /* SceneDelegate.swift */; };
		F1293BED2C6A061B00B2FD68 /* RMTabBarViewController.swift in Sources */ = {isa = PBXBuildFile; fileRef = F1293BEC2C6A061B00B2FD68 /* RMTabBarViewController.swift */; };
		F1293BF22C6A061D00B2FD68 /* Assets.xcassets in Resources */ = {isa = PBXBuildFile; fileRef = F1293BF12C6A061D00B2FD68 /* Assets.xcassets */; };
		F1293BF52C6A061D00B2FD68 /* Base in Resources */ = {isa = PBXBuildFile; fileRef = F1293BF42C6A061D00B2FD68 /* Base */; };
		F1293C052C6A08DD00B2FD68 /* RMLocationsViewController.swift in Sources */ = {isa = PBXBuildFile; fileRef = F1293C042C6A08DD00B2FD68 /* RMLocationsViewController.swift */; };
		F1293C072C6A08ED00B2FD68 /* RMCharactersViewController.swift in Sources */ = {isa = PBXBuildFile; fileRef = F1293C062C6A08ED00B2FD68 /* RMCharactersViewController.swift */; };
		F1293C092C6A08FB00B2FD68 /* RMEpisodesViewController.swift in Sources */ = {isa = PBXBuildFile; fileRef = F1293C082C6A08FB00B2FD68 /* RMEpisodesViewController.swift */; };
		F1293C0B2C6A090600B2FD68 /* RMSettingsViewController.swift in Sources */ = {isa = PBXBuildFile; fileRef = F1293C0A2C6A090600B2FD68 /* RMSettingsViewController.swift */; };
		F1293C0D2C6A091A00B2FD68 /* RMLocation.swift in Sources */ = {isa = PBXBuildFile; fileRef = F1293C0C2C6A091A00B2FD68 /* RMLocation.swift */; };
		F1293C0F2C6A092100B2FD68 /* RMCharacter.swift in Sources */ = {isa = PBXBuildFile; fileRef = F1293C0E2C6A092100B2FD68 /* RMCharacter.swift */; };
		F1293C112C6A092C00B2FD68 /* RMEpisode.swift in Sources */ = {isa = PBXBuildFile; fileRef = F1293C102C6A092C00B2FD68 /* RMEpisode.swift */; };
		F1293C132C6A174300B2FD68 /* RMService.swift in Sources */ = {isa = PBXBuildFile; fileRef = F1293C122C6A174300B2FD68 /* RMService.swift */; };
		F1293C152C6A174D00B2FD68 /* RMRequest.swift in Sources */ = {isa = PBXBuildFile; fileRef = F1293C142C6A174D00B2FD68 /* RMRequest.swift */; };
		F1293C172C6A175700B2FD68 /* RMEndpoint.swift in Sources */ = {isa = PBXBuildFile; fileRef = F1293C162C6A175700B2FD68 /* RMEndpoint.swift */; };
/* End PBXBuildFile section */

/* Begin PBXFileReference section */
		F1293BE52C6A061B00B2FD68 /* RickAndMorty.app */ = {isa = PBXFileReference; explicitFileType = wrapper.application; includeInIndex = 0; path = RickAndMorty.app; sourceTree = BUILT_PRODUCTS_DIR; };
		F1293BE82C6A061B00B2FD68 /* AppDelegate.swift */ = {isa = PBXFileReference; lastKnownFileType = sourcecode.swift; path = AppDelegate.swift; sourceTree = "<group>"; };
		F1293BEA2C6A061B00B2FD68 /* SceneDelegate.swift */ = {isa = PBXFileReference; lastKnownFileType = sourcecode.swift; path = SceneDelegate.swift; sourceTree = "<group>"; };
		F1293BEC2C6A061B00B2FD68 /* RMTabBarViewController.swift */ = {isa = PBXFileReference; lastKnownFileType = sourcecode.swift; path = RMTabBarViewController.swift; sourceTree = "<group>"; };
		F1293BF12C6A061D00B2FD68 /* Assets.xcassets */ = {isa = PBXFileReference; lastKnownFileType = folder.assetcatalog; path = Assets.xcassets; sourceTree = "<group>"; };
		F1293BF42C6A061D00B2FD68 /* Base */ = {isa = PBXFileReference; lastKnownFileType = file.storyboard; name = Base; path = Base.lproj/LaunchScreen.storyboard; sourceTree = "<group>"; };
		F1293BF62C6A061D00B2FD68 /* Info.plist */ = {isa = PBXFileReference; lastKnownFileType = text.plist.xml; path = Info.plist; sourceTree = "<group>"; };
		F1293C042C6A08DD00B2FD68 /* RMLocationsViewController.swift */ = {isa = PBXFileReference; lastKnownFileType = sourcecode.swift; path = RMLocationsViewController.swift; sourceTree = "<group>"; };
		F1293C062C6A08ED00B2FD68 /* RMCharactersViewController.swift */ = {isa = PBXFileReference; lastKnownFileType = sourcecode.swift; path = RMCharactersViewController.swift; sourceTree = "<group>"; };
		F1293C082C6A08FB00B2FD68 /* RMEpisodesViewController.swift */ = {isa = PBXFileReference; lastKnownFileType = sourcecode.swift; path = RMEpisodesViewController.swift; sourceTree = "<group>"; };
		F1293C0A2C6A090600B2FD68 /* RMSettingsViewController.swift */ = {isa = PBXFileReference; lastKnownFileType = sourcecode.swift; path = RMSettingsViewController.swift; sourceTree = "<group>"; };
		F1293C0C2C6A091A00B2FD68 /* RMLocation.swift */ = {isa = PBXFileReference; lastKnownFileType = sourcecode.swift; path = RMLocation.swift; sourceTree = "<group>"; };
		F1293C0E2C6A092100B2FD68 /* RMCharacter.swift */ = {isa = PBXFileReference; lastKnownFileType = sourcecode.swift; path = RMCharacter.swift; sourceTree = "<group>"; };
		F1293C102C6A092C00B2FD68 /* RMEpisode.swift */ = {isa = PBXFileReference; lastKnownFileType = sourcecode.swift; path = RMEpisode.swift; sourceTree = "<group>"; };
		F1293C122C6A174300B2FD68 /* RMService.swift */ = {isa = PBXFileReference; lastKnownFileType = sourcecode.swift; path = RMService.swift; sourceTree = "<group>"; };
		F1293C142C6A174D00B2FD68 /* RMRequest.swift */ = {isa = PBXFileReference; lastKnownFileType = sourcecode.swift; path = RMRequest.swift; sourceTree = "<group>"; };
		F1293C162C6A175700B2FD68 /* RMEndpoint.swift */ = {isa = PBXFileReference; lastKnownFileType = sourcecode.swift; path = RMEndpoint.swift; sourceTree = "<group>"; };
/* End PBXFileReference section */

/* Begin PBXFrameworksBuildPhase section */
		F1293BE22C6A061B00B2FD68 /* Frameworks */ = {
			isa = PBXFrameworksBuildPhase;
			buildActionMask = 2147483647;
			files = (
			);
			runOnlyForDeploymentPostprocessing = 0;
		};
/* End PBXFrameworksBuildPhase section */

/* Begin PBXGroup section */
		F1293BDC2C6A061B00B2FD68 = {
			isa = PBXGroup;
			children = (
				F1293BE72C6A061B00B2FD68 /* RickAndMorty */,
				F1293BE62C6A061B00B2FD68 /* Products */,
			);
			sourceTree = "<group>";
		};
		F1293BE62C6A061B00B2FD68 /* Products */ = {
			isa = PBXGroup;
			children = (
				F1293BE52C6A061B00B2FD68 /* RickAndMorty.app */,
			);
			name = Products;
			sourceTree = "<group>";
		};
		F1293BE72C6A061B00B2FD68 /* RickAndMorty */ = {
			isa = PBXGroup;
			children = (
				F1293C002C6A077700B2FD68 /* Resources */,
				F1293C022C6A078500B2FD68 /* APIClient */,
				F1293C012C6A077F00B2FD68 /* Managers */,
				F1293BFF2C6A076D00B2FD68 /* Views */,
				F1293BFE2C6A076700B2FD68 /* Models */,
				F1293BFD2C6A075F00B2FD68 /* ViewModels */,
				F1293BFC2C6A075600B2FD68 /* Controllers */,
				F1293BF62C6A061D00B2FD68 /* Info.plist */,
			);
			path = RickAndMorty;
			sourceTree = "<group>";
		};
		F1293BFC2C6A075600B2FD68 /* Controllers */ = {
			isa = PBXGroup;
			children = (
				F1293C032C6A088C00B2FD68 /* Core */,
			);
			path = Controllers;
			sourceTree = "<group>";
		};
		F1293BFD2C6A075F00B2FD68 /* ViewModels */ = {
			isa = PBXGroup;
			children = (
			);
			path = ViewModels;
			sourceTree = "<group>";
		};
		F1293BFE2C6A076700B2FD68 /* Models */ = {
			isa = PBXGroup;
			children = (
				F1293C0C2C6A091A00B2FD68 /* RMLocation.swift */,
				F1293C0E2C6A092100B2FD68 /* RMCharacter.swift */,
				F1293C102C6A092C00B2FD68 /* RMEpisode.swift */,
			);
			path = Models;
			sourceTree = "<group>";
		};
		F1293BFF2C6A076D00B2FD68 /* Views */ = {
			isa = PBXGroup;
			children = (
			);
			path = Views;
			sourceTree = "<group>";
		};
		F1293C002C6A077700B2FD68 /* Resources */ = {
			isa = PBXGroup;
			children = (
				F1293BE82C6A061B00B2FD68 /* AppDelegate.swift */,
				F1293BEA2C6A061B00B2FD68 /* SceneDelegate.swift */,
				F1293BF12C6A061D00B2FD68 /* Assets.xcassets */,
				F1293BF32C6A061D00B2FD68 /* LaunchScreen.storyboard */,
			);
			path = Resources;
			sourceTree = "<group>";
		};
		F1293C012C6A077F00B2FD68 /* Managers */ = {
			isa = PBXGroup;
			children = (
			);
			path = Managers;
			sourceTree = "<group>";
		};
		F1293C022C6A078500B2FD68 /* APIClient */ = {
			isa = PBXGroup;
			children = (
				F1293C122C6A174300B2FD68 /* RMService.swift */,
				F1293C142C6A174D00B2FD68 /* RMRequest.swift */,
				F1293C162C6A175700B2FD68 /* RMEndpoint.swift */,
			);
			path = APIClient;
			sourceTree = "<group>";
		};
		F1293C032C6A088C00B2FD68 /* Core */ = {
			isa = PBXGroup;
			children = (
				F1293BEC2C6A061B00B2FD68 /* RMTabBarViewController.swift */,
				F1293C042C6A08DD00B2FD68 /* RMLocationsViewController.swift */,
				F1293C062C6A08ED00B2FD68 /* RMCharactersViewController.swift */,
				F1293C082C6A08FB00B2FD68 /* RMEpisodesViewController.swift */,
				F1293C0A2C6A090600B2FD68 /* RMSettingsViewController.swift */,
			);
			path = Core;
			sourceTree = "<group>";
		};
/* End PBXGroup section */

/* Begin PBXNativeTarget section */
		F1293BE42C6A061B00B2FD68 /* RickAndMorty */ = {
			isa = PBXNativeTarget;
			buildConfigurationList = F1293BF92C6A061D00B2FD68 /* Build configuration list for PBXNativeTarget "RickAndMorty" */;
			buildPhases = (
				F1293BE12C6A061B00B2FD68 /* Sources */,
				F1293BE22C6A061B00B2FD68 /* Frameworks */,
				F1293BE32C6A061B00B2FD68 /* Resources */,
			);
			buildRules = (
			);
			dependencies = (
			);
			name = RickAndMorty;
			productName = RickAndMorty;
			productReference = F1293BE52C6A061B00B2FD68 /* RickAndMorty.app */;
			productType = "com.apple.product-type.application";
		};
/* End PBXNativeTarget section */

/* Begin PBXProject section */
		F1293BDD2C6A061B00B2FD68 /* Project object */ = {
			isa = PBXProject;
			attributes = {
				BuildIndependentTargetsInParallel = 1;
				LastSwiftUpdateCheck = 1540;
				LastUpgradeCheck = 1540;
				TargetAttributes = {
					F1293BE42C6A061B00B2FD68 = {
						CreatedOnToolsVersion = 15.4;
					};
				};
			};
			buildConfigurationList = F1293BE02C6A061B00B2FD68 /* Build configuration list for PBXProject "RickAndMorty" */;
			compatibilityVersion = "Xcode 14.0";
			developmentRegion = en;
			hasScannedForEncodings = 0;
			knownRegions = (
				en,
				Base,
			);
			mainGroup = F1293BDC2C6A061B00B2FD68;
			productRefGroup = F1293BE62C6A061B00B2FD68 /* Products */;
			projectDirPath = "";
			projectRoot = "";
			targets = (
				F1293BE42C6A061B00B2FD68 /* RickAndMorty */,
			);
		};
/* End PBXProject section */

/* Begin PBXResourcesBuildPhase section */
		F1293BE32C6A061B00B2FD68 /* Resources */ = {
			isa = PBXResourcesBuildPhase;
			buildActionMask = 2147483647;
			files = (
				F1293BF22C6A061D00B2FD68 /* Assets.xcassets in Resources */,
				F1293BF52C6A061D00B2FD68 /* Base in Resources */,
			);
			runOnlyForDeploymentPostprocessing = 0;
		};
/* End PBXResourcesBuildPhase section */

/* Begin PBXSourcesBuildPhase section */
		F1293BE12C6A061B00B2FD68 /* Sources */ = {
			isa = PBXSourcesBuildPhase;
			buildActionMask = 2147483647;
			files = (
				F1293C072C6A08ED00B2FD68 /* RMCharactersViewController.swift in Sources */,
				F1293C052C6A08DD00B2FD68 /* RMLocationsViewController.swift in Sources */,
				F1293C112C6A092C00B2FD68 /* RMEpisode.swift in Sources */,
				F1293BED2C6A061B00B2FD68 /* RMTabBarViewController.swift in Sources */,
				F1293C0D2C6A091A00B2FD68 /* RMLocation.swift in Sources */,
				F1293C092C6A08FB00B2FD68 /* RMEpisodesViewController.swift in Sources */,
				F1293BE92C6A061B00B2FD68 /* AppDelegate.swift in Sources */,
				F1293C132C6A174300B2FD68 /* RMService.swift in Sources */,
				F1293C0F2C6A092100B2FD68 /* RMCharacter.swift in Sources */,
				F1293C172C6A175700B2FD68 /* RMEndpoint.swift in Sources */,
				F1293C0B2C6A090600B2FD68 /* RMSettingsViewController.swift in Sources */,
				F1293C152C6A174D00B2FD68 /* RMRequest.swift in Sources */,
				F1293BEB2C6A061B00B2FD68 /* SceneDelegate.swift in Sources */,
			);
			runOnlyForDeploymentPostprocessing = 0;
		};
/* End PBXSourcesBuildPhase section */

/* Begin PBXVariantGroup section */
		F1293BF32C6A061D00B2FD68 /* LaunchScreen.storyboard */ = {
			isa = PBXVariantGroup;
			children = (
				F1293BF42C6A061D00B2FD68 /* Base */,
			);
			name = LaunchScreen.storyboard;
			sourceTree = "<group>";
		};
/* End PBXVariantGroup section */

/* Begin XCBuildConfiguration section */
		F1293BF72C6A061D00B2FD68 /* Debug */ = {
			isa = XCBuildConfiguration;
			buildSettings = {
				ALWAYS_SEARCH_USER_PATHS = NO;
				ASSETCATALOG_COMPILER_GENERATE_SWIFT_ASSET_SYMBOL_EXTENSIONS = YES;
				CLANG_ANALYZER_NONNULL = YES;
				CLANG_ANALYZER_NUMBER_OBJECT_CONVERSION = YES_AGGRESSIVE;
				CLANG_CXX_LANGUAGE_STANDARD = "gnu++20";
				CLANG_ENABLE_MODULES = YES;
				CLANG_ENABLE_OBJC_ARC = YES;
				CLANG_ENABLE_OBJC_WEAK = YES;
				CLANG_WARN_BLOCK_CAPTURE_AUTORELEASING = YES;
				CLANG_WARN_BOOL_CONVERSION = YES;
				CLANG_WARN_COMMA = YES;
				CLANG_WARN_CONSTANT_CONVERSION = YES;
				CLANG_WARN_DEPRECATED_OBJC_IMPLEMENTATIONS = YES;
				CLANG_WARN_DIRECT_OBJC_ISA_USAGE = YES_ERROR;
				CLANG_WARN_DOCUMENTATION_COMMENTS = YES;
				CLANG_WARN_EMPTY_BODY = YES;
				CLANG_WARN_ENUM_CONVERSION = YES;
				CLANG_WARN_INFINITE_RECURSION = YES;
				CLANG_WARN_INT_CONVERSION = YES;
				CLANG_WARN_NON_LITERAL_NULL_CONVERSION = YES;
				CLANG_WARN_OBJC_IMPLICIT_RETAIN_SELF = YES;
				CLANG_WARN_OBJC_LITERAL_CONVERSION = YES;
				CLANG_WARN_OBJC_ROOT_CLASS = YES_ERROR;
				CLANG_WARN_QUOTED_INCLUDE_IN_FRAMEWORK_HEADER = YES;
				CLANG_WARN_RANGE_LOOP_ANALYSIS = YES;
				CLANG_WARN_STRICT_PROTOTYPES = YES;
				CLANG_WARN_SUSPICIOUS_MOVE = YES;
				CLANG_WARN_UNGUARDED_AVAILABILITY = YES_AGGRESSIVE;
				CLANG_WARN_UNREACHABLE_CODE = YES;
				CLANG_WARN__DUPLICATE_METHOD_MATCH = YES;
				COPY_PHASE_STRIP = NO;
				DEBUG_INFORMATION_FORMAT = dwarf;
				ENABLE_STRICT_OBJC_MSGSEND = YES;
				ENABLE_TESTABILITY = YES;
				ENABLE_USER_SCRIPT_SANDBOXING = YES;
				GCC_C_LANGUAGE_STANDARD = gnu17;
				GCC_DYNAMIC_NO_PIC = NO;
				GCC_NO_COMMON_BLOCKS = YES;
				GCC_OPTIMIZATION_LEVEL = 0;
				GCC_PREPROCESSOR_DEFINITIONS = (
					"DEBUG=1",
					"$(inherited)",
				);
				GCC_WARN_64_TO_32_BIT_CONVERSION = YES;
				GCC_WARN_ABOUT_RETURN_TYPE = YES_ERROR;
				GCC_WARN_UNDECLARED_SELECTOR = YES;
				GCC_WARN_UNINITIALIZED_AUTOS = YES_AGGRESSIVE;
				GCC_WARN_UNUSED_FUNCTION = YES;
				GCC_WARN_UNUSED_VARIABLE = YES;
				IPHONEOS_DEPLOYMENT_TARGET = 17.5;
				LOCALIZATION_PREFERS_STRING_CATALOGS = YES;
				MTL_ENABLE_DEBUG_INFO = INCLUDE_SOURCE;
				MTL_FAST_MATH = YES;
				ONLY_ACTIVE_ARCH = YES;
				SDKROOT = iphoneos;
				SWIFT_ACTIVE_COMPILATION_CONDITIONS = "DEBUG $(inherited)";
				SWIFT_OPTIMIZATION_LEVEL = "-Onone";
			};
			name = Debug;
		};
		F1293BF82C6A061D00B2FD68 /* Release */ = {
			isa = XCBuildConfiguration;
			buildSettings = {
				ALWAYS_SEARCH_USER_PATHS = NO;
				ASSETCATALOG_COMPILER_GENERATE_SWIFT_ASSET_SYMBOL_EXTENSIONS = YES;
				CLANG_ANALYZER_NONNULL = YES;
				CLANG_ANALYZER_NUMBER_OBJECT_CONVERSION = YES_AGGRESSIVE;
				CLANG_CXX_LANGUAGE_STANDARD = "gnu++20";
				CLANG_ENABLE_MODULES = YES;
				CLANG_ENABLE_OBJC_ARC = YES;
				CLANG_ENABLE_OBJC_WEAK = YES;
				CLANG_WARN_BLOCK_CAPTURE_AUTORELEASING = YES;
				CLANG_WARN_BOOL_CONVERSION = YES;
				CLANG_WARN_COMMA = YES;
				CLANG_WARN_CONSTANT_CONVERSION = YES;
				CLANG_WARN_DEPRECATED_OBJC_IMPLEMENTATIONS = YES;
				CLANG_WARN_DIRECT_OBJC_ISA_USAGE = YES_ERROR;
				CLANG_WARN_DOCUMENTATION_COMMENTS = YES;
				CLANG_WARN_EMPTY_BODY = YES;
				CLANG_WARN_ENUM_CONVERSION = YES;
				CLANG_WARN_INFINITE_RECURSION = YES;
				CLANG_WARN_INT_CONVERSION = YES;
				CLANG_WARN_NON_LITERAL_NULL_CONVERSION = YES;
				CLANG_WARN_OBJC_IMPLICIT_RETAIN_SELF = YES;
				CLANG_WARN_OBJC_LITERAL_CONVERSION = YES;
				CLANG_WARN_OBJC_ROOT_CLASS = YES_ERROR;
				CLANG_WARN_QUOTED_INCLUDE_IN_FRAMEWORK_HEADER = YES;
				CLANG_WARN_RANGE_LOOP_ANALYSIS = YES;
				CLANG_WARN_STRICT_PROTOTYPES = YES;
				CLANG_WARN_SUSPICIOUS_MOVE = YES;
				CLANG_WARN_UNGUARDED_AVAILABILITY = YES_AGGRESSIVE;
				CLANG_WARN_UNREACHABLE_CODE = YES;
				CLANG_WARN__DUPLICATE_METHOD_MATCH = YES;
				COPY_PHASE_STRIP = NO;
				DEBUG_INFORMATION_FORMAT = "dwarf-with-dsym";
				ENABLE_NS_ASSERTIONS = NO;
				ENABLE_STRICT_OBJC_MSGSEND = YES;
				ENABLE_USER_SCRIPT_SANDBOXING = YES;
				GCC_C_LANGUAGE_STANDARD = gnu17;
				GCC_NO_COMMON_BLOCKS = YES;
				GCC_WARN_64_TO_32_BIT_CONVERSION = YES;
				GCC_WARN_ABOUT_RETURN_TYPE = YES_ERROR;
				GCC_WARN_UNDECLARED_SELECTOR = YES;
				GCC_WARN_UNINITIALIZED_AUTOS = YES_AGGRESSIVE;
				GCC_WARN_UNUSED_FUNCTION = YES;
				GCC_WARN_UNUSED_VARIABLE = YES;
				IPHONEOS_DEPLOYMENT_TARGET = 17.5;
				LOCALIZATION_PREFERS_STRING_CATALOGS = YES;
				MTL_ENABLE_DEBUG_INFO = NO;
				MTL_FAST_MATH = YES;
				SDKROOT = iphoneos;
				SWIFT_COMPILATION_MODE = wholemodule;
				VALIDATE_PRODUCT = YES;
			};
			name = Release;
		};
		F1293BFA2C6A061D00B2FD68 /* Debug */ = {
			isa = XCBuildConfiguration;
			buildSettings = {
				ASSETCATALOG_COMPILER_APPICON_NAME = AppIcon;
				ASSETCATALOG_COMPILER_GLOBAL_ACCENT_COLOR_NAME = AccentColor;
				CODE_SIGN_STYLE = Automatic;
				CURRENT_PROJECT_VERSION = 1;
				DEVELOPMENT_TEAM = CARBM63FQD;
				GENERATE_INFOPLIST_FILE = YES;
				INFOPLIST_FILE = RickAndMorty/Info.plist;
				INFOPLIST_KEY_UIApplicationSupportsIndirectInputEvents = YES;
				INFOPLIST_KEY_UILaunchStoryboardName = LaunchScreen;
				INFOPLIST_KEY_UISupportedInterfaceOrientations_iPad = "UIInterfaceOrientationPortrait UIInterfaceOrientationPortraitUpsideDown UIInterfaceOrientationLandscapeLeft UIInterfaceOrientationLandscapeRight";
				INFOPLIST_KEY_UISupportedInterfaceOrientations_iPhone = "UIInterfaceOrientationPortrait UIInterfaceOrientationLandscapeLeft UIInterfaceOrientationLandscapeRight";
				LD_RUNPATH_SEARCH_PATHS = (
					"$(inherited)",
					"@executable_path/Frameworks",
				);
				MARKETING_VERSION = 1.0;
				PRODUCT_BUNDLE_IDENTIFIER = com.chris.min.RickAndMorty;
				PRODUCT_NAME = "$(TARGET_NAME)";
				SWIFT_EMIT_LOC_STRINGS = YES;
				SWIFT_VERSION = 5.0;
				TARGETED_DEVICE_FAMILY = "1,2";
			};
			name = Debug;
		};
		F1293BFB2C6A061D00B2FD68 /* Release */ = {
			isa = XCBuildConfiguration;
			buildSettings = {
				ASSETCATALOG_COMPILER_APPICON_NAME = AppIcon;
				ASSETCATALOG_COMPILER_GLOBAL_ACCENT_COLOR_NAME = AccentColor;
				CODE_SIGN_STYLE = Automatic;
				CURRENT_PROJECT_VERSION = 1;
				DEVELOPMENT_TEAM = CARBM63FQD;
				GENERATE_INFOPLIST_FILE = YES;
				INFOPLIST_FILE = RickAndMorty/Info.plist;
				INFOPLIST_KEY_UIApplicationSupportsIndirectInputEvents = YES;
				INFOPLIST_KEY_UILaunchStoryboardName = LaunchScreen;
				INFOPLIST_KEY_UISupportedInterfaceOrientations_iPad = "UIInterfaceOrientationPortrait UIInterfaceOrientationPortraitUpsideDown UIInterfaceOrientationLandscapeLeft UIInterfaceOrientationLandscapeRight";
				INFOPLIST_KEY_UISupportedInterfaceOrientations_iPhone = "UIInterfaceOrientationPortrait UIInterfaceOrientationLandscapeLeft UIInterfaceOrientationLandscapeRight";
				LD_RUNPATH_SEARCH_PATHS = (
					"$(inherited)",
					"@executable_path/Frameworks",
				);
				MARKETING_VERSION = 1.0;
				PRODUCT_BUNDLE_IDENTIFIER = com.chris.min.RickAndMorty;
				PRODUCT_NAME = "$(TARGET_NAME)";
				SWIFT_EMIT_LOC_STRINGS = YES;
				SWIFT_VERSION = 5.0;
				TARGETED_DEVICE_FAMILY = "1,2";
			};
			name = Release;
		};
/* End XCBuildConfiguration section */

/* Begin XCConfigurationList section */
		F1293BE02C6A061B00B2FD68 /* Build configuration list for PBXProject "RickAndMorty" */ = {
			isa = XCConfigurationList;
			buildConfigurations = (
				F1293BF72C6A061D00B2FD68 /* Debug */,
				F1293BF82C6A061D00B2FD68 /* Release */,
			);
			defaultConfigurationIsVisible = 0;
			defaultConfigurationName = Release;
		};
		F1293BF92C6A061D00B2FD68 /* Build configuration list for PBXNativeTarget "RickAndMorty" */ = {
			isa = XCConfigurationList;
			buildConfigurations = (
				F1293BFA2C6A061D00B2FD68 /* Debug */,
				F1293BFB2C6A061D00B2FD68 /* Release */,
			);
			defaultConfigurationIsVisible = 0;
			defaultConfigurationName = Release;
		};
/* End XCConfigurationList section */
	};
	rootObject = F1293BDD2C6A061B00B2FD68 /* Project object */;
}
